
Microsoft Visual Studio Solution File, Format Version 12.00
# Visual Studio Version 16
VisualStudioVersion = 16.0.34301.259
MinimumVisualStudioVersion = 10.0.40219.1
Project("{FAE04EC0-301F-11D3-BF4B-00C04F79EFBC}") = "NabWeb", "NabWeb.csproj", "{270FC298-E64D-4ED1-9C0E-28B964D98733}"
EndProject
Global
	GlobalSection(SolutionConfigurationPlatforms) = preSolution
		Debug|Any CPU = Debug|Any CPU
		Release|Any CPU = Release|Any CPU
	EndGlobalSection
	GlobalSection(ProjectConfigurationPlatforms) = postSolution
		{270FC298-E64D-4ED1-9C0E-28B964D98733}.Debug|Any CPU.ActiveCfg = Debug|Any CPU
		{270FC298-E64D-4ED1-9C0E-28B964D98733}.Debug|Any CPU.Build.0 = Debug|Any CPU
		{270FC298-E64D-4ED1-9C0E-28B964D98733}.Release|Any CPU.ActiveCfg = Release|Any CPU
		{270FC298-E64D-4ED1-9C0E-28B964D98733}.Release|Any CPU.Build.0 = Release|Any CPU
	EndGlobalSection
	GlobalSection(SolutionProperties) = preSolution
		HideSolutionNode = FALSE
	EndGlobalSection
	GlobalSection(ExtensibilityGlobals) = postSolution
		SolutionGuid = {BEFB2EB5-E784-4478-A360-3B0941EAB502}
	EndGlobalSection
EndGlobal
